
Microsoft Visual Studio Solution File, Format Version 12.00
# Visual Studio Version 18
VisualStudioVersion = 18.9.12120.119
MinimumVisualStudioVersion = 10.0.40219.1
Project("{FAE04EC0-301F-11D3-BF4B-00C04F79EFBC}") = "BTHD", "Tuan_04\BTHD.csproj", "{33EDD489-C258-4B65-9FF5-4551D45D4A7D}"
EndProject
Project("{FAE04EC0-301F-11D3-BF4B-00C04F79EFBC}") = "BTTL_2", "BTTL_2\BTTL_2.csproj", "{05FDF11E-D673-4212-A29E-03FF7786C50B}"
EndProject
Project("{FAE04EC0-301F-11D3-BF4B-00C04F79EFBC}") = "BTTL_3", "BTTL_3\BTTL_3.csproj", "{2E5018FD-ADA8-4CFE-83C4-3A117B508EEF}"
EndProject
Global
	GlobalSection(SolutionConfigurationPlatforms) = preSolution
		Debug|Any CPU = Debug|Any CPU
		Release|Any CPU = Release|Any CPU
	EndGlobalSection
	GlobalSection(ProjectConfigurationPlatforms) = postSolution
		{33EDD489-C258-4B65-9FF5-4551D45D4A7D}.Debug|Any CPU.ActiveCfg = Debug|Any CPU
		{33EDD489-C258-4B65-9FF5-4551D45D4A7D}.Debug|Any CPU.Build.0 = Debug|Any CPU
		{33EDD489-C258-4B65-9FF5-4551D45D4A7D}.Release|Any CPU.ActiveCfg = Release|Any CPU
		{33EDD489-C258-4B65-9FF5-4551D45D4A7D}.Release|Any CPU.Build.0 = Release|Any CPU
		{05FDF11E-D673-4212-A29E-03FF7786C50B}.Debug|Any CPU.ActiveCfg = Debug|Any CPU
		{05FDF11E-D673-4212-A29E-03FF7786C50B}.Debug|Any CPU.Build.0 = Debug|Any CPU
		{05FDF11E-D673-4212-A29E-03FF7786C50B}.Release|Any CPU.ActiveCfg = Release|Any CPU
		{05FDF11E-D673-4212-A29E-03FF7786C50B}.Release|Any CPU.Build.0 = Release|Any CPU
		{2E5018FD-ADA8-4CFE-83C4-3A117B508EEF}.Debug|Any CPU.ActiveCfg = Debug|Any CPU
		{2E5018FD-ADA8-4CFE-83C4-3A117B508EEF}.Debug|Any CPU.Build.0 = Debug|Any CPU
		{2E5018FD-ADA8-4CFE-83C4-3A117B508EEF}.Release|Any CPU.ActiveCfg = Release|Any CPU
		{2E5018FD-ADA8-4CFE-83C4-3A117B508EEF}.Release|Any CPU.Build.0 = Release|Any CPU
	EndGlobalSection
	GlobalSection(SolutionProperties) = preSolution
		HideSolutionNode = FALSE
	EndGlobalSection
	GlobalSection(ExtensibilityGlobals) = postSolution
		SolutionGuid = {431F4394-989D-4750-87E1-7B3421F45265}
	EndGlobalSection
EndGlobal
